{
  "name": "com.jsegerdev.debug",
  "version": "1.0.0",
  "lockfileVersion": 3,
  "requires": true,
  "packages": {
    "": {
      "name": "com.jsegerdev.debug",
      "version": "1.0.0",
      "dependencies": {
        "com.jsegerdev.colortools": "https://github.com/JoeSeger/jseger-utilities-colortools.git#main",
        "com.jsegerdev.enumtools": "https://github.com/JoeSeger/jseger-utilities-enumtools.git#main",
        "com.jsegerdev.stringtools": "https://github.com/JoeSeger/jseger-utilities-stringtools.git#main"
      }
    },
    "node_modules/com.jsegerdev.colortools": {
      "version": "1.0.0",
      "resolved": "git+ssh://git@github.com/JoeSeger/jseger-utilities-colortools.git#6ec39d7c5ca030e75ae02024603c11fe250c494e"
    },
    "node_modules/com.jsegerdev.enumtools": {
      "version": "1.0.0",
      "resolved": "git+ssh://git@github.com/JoeSeger/jseger-utilities-enumtools.git#d81b3dad84d7c3d8a110b9df7d1f0002078158ea"
    },
    "node_modules/com.jsegerdev.stringtools": {
      "version": "1.0.0",
      "resolved": "git+ssh://git@github.com/JoeSeger/jseger-utilities-stringtools.git#83d5a108ed267cde6b86940c45ee97c33afd8a86"
    }
  }
}
